PODS:
  - awesome_notifications (0.10.0):
    - Flutter
    - IosAwnCore (~> 0.10.0)
  - awesome_notifications_core (0.0.1):
    - Flutter
  - Flutter (1.0.0)
  - IosAwnCore (0.10.0)

DEPENDENCIES:
  - awesome_notifications (from `.symlinks/plugins/awesome_notifications/ios`)
  - awesome_notifications_core (from `.symlinks/plugins/awesome_notifications_core/ios`)
  - Flutter (from `Flutter`)

SPEC REPOS:
  trunk:
    - IosAwnCore

EXTERNAL SOURCES:
  awesome_notifications:
    :path: ".symlinks/plugins/awesome_notifications/ios"
  awesome_notifications_core:
    :path: ".symlinks/plugins/awesome_notifications_core/ios"
  Flutter:
    :path: Flutter

SPEC CHECKSUMS:
  awesome_notifications: 0f432b28098d193920b11a44cfa9d2d9313a3888
  awesome_notifications_core: 429c28df8746780a474de177e5acde33af87da63
  Flutter: e0871f40cf51350855a761d2e70bf5af5b9b5de7
  IosAwnCore: 653786a911089012092ce831f2945cd339855a89

PODFILE CHECKSUM: d635e8e348ed9b6aadea3a03b29bdd24c186b3b4

COCOAPODS: 1.16.2
